
Microsoft Visual Studio Solution File, Format Version 12.00
# Visual Studio Version 17
VisualStudioVersion = 17.11.35222.181
MinimumVisualStudioVersion = 10.0.40219.1
Project("{FAE04EC0-301F-11D3-BF4B-00C04F79EFBC}") = "KoiFengShui.BE", "KoiFengShui.BE\KoiFengShui.BE.csproj", "{DAB5FA4C-A57D-4E89-AD52-F829A4B87189}"
EndProject
Project("{FAE04EC0-301F-11D3-BF4B-00C04F79EFBC}") = "FengShuiKoi_BO", "FengShuiKoi_BO\FengShuiKoi_BO.csproj", "{2DDAAFCF-4445-40E7-97A2-42D0C0769D59}"
EndProject
Project("{FAE04EC0-301F-11D3-BF4B-00C04F79EFBC}") = "FengShuiKoi_DAO", "FengShuiKoi_DAO\FengShuiKoi_DAO.csproj", "{76A46278-D7E9-4ECE-B0BE-1A57264B022F}"
EndProject
Project("{FAE04EC0-301F-11D3-BF4B-00C04F79EFBC}") = "FengShuiKoi_Repository", "FengShuiKoi_Repository\FengShuiKoi_Repository.csproj", "{7951C77E-87DD-4AF6-AB91-7F24FA112DF9}"
EndProject
Project("{FAE04EC0-301F-11D3-BF4B-00C04F79EFBC}") = "FengShuiKoi_Services", "FengShuiKoi_Services\FengShuiKoi_Services.csproj", "{76F4F68A-B661-426F-8547-821AAD9E5BA4}"
EndProject
Global
	GlobalSection(SolutionConfigurationPlatforms) = preSolution
		Debug|Any CPU = Debug|Any CPU
		Release|Any CPU = Release|Any CPU
	EndGlobalSection
	GlobalSection(ProjectConfigurationPlatforms) = postSolution
		{DAB5FA4C-A57D-4E89-AD52-F829A4B87189}.Debug|Any CPU.ActiveCfg = Debug|Any CPU
		{DAB5FA4C-A57D-4E89-AD52-F829A4B87189}.Debug|Any CPU.Build.0 = Debug|Any CPU
		{DAB5FA4C-A57D-4E89-AD52-F829A4B87189}.Release|Any CPU.ActiveCfg = Release|Any CPU
		{DAB5FA4C-A57D-4E89-AD52-F829A4B87189}.Release|Any CPU.Build.0 = Release|Any CPU
		{2DDAAFCF-4445-40E7-97A2-42D0C0769D59}.Debug|Any CPU.ActiveCfg = Debug|Any CPU
		{2DDAAFCF-4445-40E7-97A2-42D0C0769D59}.Debug|Any CPU.Build.0 = Debug|Any CPU
		{2DDAAFCF-4445-40E7-97A2-42D0C0769D59}.Release|Any CPU.ActiveCfg = Release|Any CPU
		{2DDAAFCF-4445-40E7-97A2-42D0C0769D59}.Release|Any CPU.Build.0 = Release|Any CPU
		{76A46278-D7E9-4ECE-B0BE-1A57264B022F}.Debug|Any CPU.ActiveCfg = Debug|Any CPU
		{76A46278-D7E9-4ECE-B0BE-1A57264B022F}.Debug|Any CPU.Build.0 = Debug|Any CPU
		{76A46278-D7E9-4ECE-B0BE-1A57264B022F}.Release|Any CPU.ActiveCfg = Release|Any CPU
		{76A46278-D7E9-4ECE-B0BE-1A57264B022F}.Release|Any CPU.Build.0 = Release|Any CPU
		{7951C77E-87DD-4AF6-AB91-7F24FA112DF9}.Debug|Any CPU.ActiveCfg = Debug|Any CPU
		{7951C77E-87DD-4AF6-AB91-7F24FA112DF9}.Debug|Any CPU.Build.0 = Debug|Any CPU
		{7951C77E-87DD-4AF6-AB91-7F24FA112DF9}.Release|Any CPU.ActiveCfg = Release|Any CPU
		{7951C77E-87DD-4AF6-AB91-7F24FA112DF9}.Release|Any CPU.Build.0 = Release|Any CPU
		{76F4F68A-B661-426F-8547-821AAD9E5BA4}.Debug|Any CPU.ActiveCfg = Debug|Any CPU
		{76F4F68A-B661-426F-8547-821AAD9E5BA4}.Debug|Any CPU.Build.0 = Debug|Any CPU
		{76F4F68A-B661-426F-8547-821AAD9E5BA4}.Release|Any CPU.ActiveCfg = Release|Any CPU
		{76F4F68A-B661-426F-8547-821AAD9E5BA4}.Release|Any CPU.Build.0 = Release|Any CPU
	EndGlobalSection
	GlobalSection(SolutionProperties) = preSolution
		HideSolutionNode = FALSE
	EndGlobalSection
	GlobalSection(ExtensibilityGlobals) = postSolution
		SolutionGuid = {F14F8FED-51ED-4E61-993D-58977094CBCA}
	EndGlobalSection
EndGlobal
